{
  "name": "backend",
  "version": "1.0.0",
  "lockfileVersion": 1,
  "requires": true,
  "dependencies": {
    "@types/jquery": {
      "version": "3.3.27",
      "resolved": "https://registry.npmjs.org/@types/jquery/-/jquery-3.3.27.tgz",
      "integrity": "sha512-t0ONpsFoH6yXqsdB+OlL1YxckfoGrok9lqxni6aD40QPPMahe6t7knB4SxCh0Bk9Yvc20OfZzxRU9ccQZcBZGQ==",
      "requires": {
        "@types/sizzle": "*"
      }
    },
    "@types/sizzle": {
      "version": "2.3.2",
      "resolved": "https://registry.npmjs.org/@types/sizzle/-/sizzle-2.3.2.tgz",
      "integrity": "sha512-7EJYyKTL7tFR8+gDbB6Wwz/arpGa0Mywk1TJbNzKzHtzbwVmY4HR9WqS5VV7dsBUKQmPNr192jHr/VpBluj/hg=="
    }
  }
}
